github.com/xgfone/go-cast v0.8.0 h1:LEuxDOUUykxMRQF3pgx7NCRNdzwBrZNyfQH2Kmasfd4=
github.com/xgfone/go-cast v0.8.0/go.mod h1:aHO9rXhmN4IZ4d1UG35+6WEVbg5yyISynFQJCVltrsk=
github.com/xgfone/go-defaults v0.2.1 h1:uFYkk09WKuXFfwlKmluUXSUv1TCH9uJilJEFEOdRm0k=
github.com/xgfone/go-defaults v0.2.1/go.mod h1:zwcnD8escc6E5QrCNKRLQddb4/hcUnUOM20kUeki18Y=
github.com/xgfone/go-structs v0.1.0 h1:xsHyQHzroBnFZYLKSwoSDF/7Ghr5a/XqTOTIwCHjhZ4=
github.com/xgfone/go-structs v0.1.0/go.mod h1:4W5xaQ/HEgGkb+HCQjdRYIg/zzQymJr2WXYQpb/O+pE=
