github.com/xgfone/go-cast v0.8.1 h1:x80Qu+XCUyQoFvCo2j+CFRiKiJydF11jeAJRzRtGY9U=
github.com/xgfone/go-cast v0.8.1/go.mod h1:aHO9rXhmN4IZ4d1UG35+6WEVbg5yyISynFQJCVltrsk=
github.com/xgfone/go-defaults v0.8.0 h1:5TZhUz8EK3DI26rBuxWVZXdnivwND4EW6epu746kamM=
github.com/xgfone/go-defaults v0.8.0/go.mod h1:zwcnD8escc6E5QrCNKRLQddb4/hcUnUOM20kUeki18Y=
github.com/xgfone/go-structs v0.2.0 h1:Weq/TfH+9azlzUdtz9xwWFqxczD7R404G3k94G04Anw=
github.com/xgfone/go-structs v0.2.0/go.mod h1:/zjyb3pm/NtFUnwUetDWuBfhYUuxzUyBSV2Xy1tvwnY=
